
Microsoft Visual Studio Solution File, Format Version 11.00
# Visual Studio 2010
Project("{8BC9CEB8-8B4A-11D0-8D11-00A0C91BC942}") = "BandWidthServer", "BandWidthServer\BandWidthServer.vcxproj", "{1A77E837-01E9-4039-862C-FA6E9E99FF9C}"
EndProject
Project("{8BC9CEB8-8B4A-11D0-8D11-00A0C91BC942}") = "BandWidthClient", "BandWidthClient\BandWidthClient.vcxproj", "{E30783E2-3070-47D6-8892-AD31E2AC0436}"
EndProject
Global
	GlobalSection(SolutionConfigurationPlatforms) = preSolution
		Debug|Win32 = Debug|Win32
		Release|Win32 = Release|Win32
	EndGlobalSection
	GlobalSection(ProjectConfigurationPlatforms) = postSolution
		{1A77E837-01E9-4039-862C-FA6E9E99FF9C}.Debug|Win32.ActiveCfg = Debug|Win32
		{1A77E837-01E9-4039-862C-FA6E9E99FF9C}.Debug|Win32.Build.0 = Debug|Win32
		{1A77E837-01E9-4039-862C-FA6E9E99FF9C}.Release|Win32.ActiveCfg = Release|Win32
		{1A77E837-01E9-4039-862C-FA6E9E99FF9C}.Release|Win32.Build.0 = Release|Win32
		{E30783E2-3070-47D6-8892-AD31E2AC0436}.Debug|Win32.ActiveCfg = Debug|Win32
		{E30783E2-3070-47D6-8892-AD31E2AC0436}.Debug|Win32.Build.0 = Debug|Win32
		{E30783E2-3070-47D6-8892-AD31E2AC0436}.Release|Win32.ActiveCfg = Release|Win32
		{E30783E2-3070-47D6-8892-AD31E2AC0436}.Release|Win32.Build.0 = Release|Win32
	EndGlobalSection
	GlobalSection(SolutionProperties) = preSolution
		HideSolutionNode = FALSE
	EndGlobalSection
EndGlobal
